
Microsoft Visual Studio Solution File, Format Version 12.00
# Visual Studio Version 17
VisualStudioVersion = 17.5.002.0
MinimumVisualStudioVersion = 10.0.40219.1
Project("{FAE04EC0-301F-11D3-BF4B-00C04F79EFBC}") = "MediaElement9", "MediaElement9\MediaElement9.csproj", "{F183D145-F959-43D1-922A-D5260E331B5A}"
EndProject
Global
	GlobalSection(SolutionConfigurationPlatforms) = preSolution
		Debug|Any CPU = Debug|Any CPU
		Release|Any CPU = Release|Any CPU
	EndGlobalSection
	GlobalSection(ProjectConfigurationPlatforms) = postSolution
		{F183D145-F959-43D1-922A-D5260E331B5A}.Debug|Any CPU.ActiveCfg = Debug|Any CPU
		{F183D145-F959-43D1-922A-D5260E331B5A}.Debug|Any CPU.Build.0 = Debug|Any CPU
		{F183D145-F959-43D1-922A-D5260E331B5A}.Release|Any CPU.ActiveCfg = Release|Any CPU
		{F183D145-F959-43D1-922A-D5260E331B5A}.Release|Any CPU.Build.0 = Release|Any CPU
	EndGlobalSection
	GlobalSection(SolutionProperties) = preSolution
		HideSolutionNode = FALSE
	EndGlobalSection
	GlobalSection(ExtensibilityGlobals) = postSolution
		SolutionGuid = {3EED2DFE-148C-4BB5-AD90-A414A41E350D}
	EndGlobalSection
EndGlobal
